// !$*UTF8*$!
{
	archiveVersion = 1;
	classes = {
	};
	objectVersion = 46;
	objects = {

/* Begin PBXBuildFile section */
		4B3F010D1A91E85300E41A37 /* AppDelegate.swift in Sources */ = {isa = PBXBuildFile; fileRef = 4B3F010C1A91E85300E41A37 /* AppDelegate.swift */; };
		4B3F010F1A91E85300E41A37 /* ViewController.swift in Sources */ = {isa = PBXBuildFile; fileRef = 4B3F010E1A91E85300E41A37 /* ViewController.swift */; };
		4B3F01121A91E85300E41A37 /* Main.storyboard in Resources */ = {isa = PBXBuildFile; fileRef = 4B3F01101A91E85300E41A37 /* Main.storyboard */; };
		4B3F01141A91E85300E41A37 /* Images.xcassets in Resources */ = {isa = PBXBuildFile; fileRef = 4B3F01131A91E85300E41A37 /* Images.xcassets */; };
		4B3F01171A91E85300E41A37 /* LaunchScreen.xib in Resources */ = {isa = PBXBuildFile; fileRef = 4B3F01151A91E85300E41A37 /* LaunchScreen.xib */; };
		4B3F01231A91E85300E41A37 /* Pitch_PerfectTests.swift in Sources */ = {isa = PBXBuildFile; fileRef = 4B3F01221A91E85300E41A37 /* Pitch_PerfectTests.swift */; };
		4B3F012D1A91EEA800E41A37 /* PlaySoundsViewController.swift in Sources */ = {isa = PBXBuildFile; fileRef = 4B3F012C1A91EEA800E41A37 /* PlaySoundsViewController.swift */; };
		4B3F012F1A91F1D600E41A37 /* movie_quote.mp3 in Resources */ = {isa = PBXBuildFile; fileRef = 4B3F012E1A91F1D600E41A37 /* movie_quote.mp3 */; };
/* End PBXBuildFile section */

/* Begin PBXContainerItemProxy section */
		4B3F011D1A91E85300E41A37 /* PBXContainerItemProxy */ = {
			isa = PBXContainerItemProxy;
			containerPortal = 4B3F00FF1A91E85300E41A37 /* Project object */;
			proxyType = 1;
			remoteGlobalIDString = 4B3F01061A91E85300E41A37;
			remoteInfo = "Pitch Perfect";
		};
/* End PBXContainerItemProxy section */

/* Begin PBXFileReference section */
		4B3F01071A91E85300E41A37 /* Pitch Perfect.app */ = {isa = PBXFileReference; explicitFileType = wrapper.application; includeInIndex = 0; path = "Pitch Perfect.app"; sourceTree = BUILT_PRODUCTS_DIR; };
		4B3F010B1A91E85300E41A37 /* Info.plist */ = {isa = PBXFileReference; lastKnownFileType = text.plist.xml; path = Info.plist; sourceTree = "<group>"; };
		4B3F010C1A91E85300E41A37 /* AppDelegate.swift */ = {isa = PBXFileReference; lastKnownFileType = sourcecode.swift; path = AppDelegate.swift; sourceTree = "<group>"; };
		4B3F010E1A91E85300E41A37 /* ViewController.swift */ = {isa = PBXFileReference; lastKnownFileType = sourcecode.swift; path = ViewController.swift; sourceTree = "<group>"; };
		4B3F01111A91E85300E41A37 /* Base */ = {isa = PBXFileReference; lastKnownFileType = file.storyboard; name = Base; path = Base.lproj/Main.storyboard; sourceTree = "<group>"; };
		4B3F01131A91E85300E41A37 /* Images.xcassets */ = {isa = PBXFileReference; lastKnownFileType = folder.assetcatalog; path = Images.xcassets; sourceTree = "<group>"; };
		4B3F01161A91E85300E41A37 /* Base */ = {isa = PBXFileReference; lastKnownFileType = file.xib; name = Base; path = Base.lproj/LaunchScreen.xib; sourceTree = "<group>"; };
		4B3F011C1A91E85300E41A37 /* Pitch PerfectTests.xctest */ = {isa = PBXFileReference; explicitFileType = wrapper.cfbundle; includeInIndex = 0; path = "Pitch PerfectTests.xctest"; sourceTree = BUILT_PRODUCTS_DIR; };
		4B3F01211A91E85300E41A37 /* Info.plist */ = {isa = PBXFileReference; lastKnownFileType = text.plist.xml; path = Info.plist; sourceTree = "<group>"; };
		4B3F01221A91E85300E41A37 /* Pitch_PerfectTests.swift */ = {isa = PBXFileReference; lastKnownFileType = sourcecode.swift; path = Pitch_PerfectTests.swift; sourceTree = "<group>"; };
		4B3F012C1A91EEA800E41A37 /* PlaySoundsViewController.swift */ = {isa = PBXFileReference; fileEncoding = 4; lastKnownFileType = sourcecode.swift; path = PlaySoundsViewController.swift; sourceTree = "<group>"; };
		4B3F012E1A91F1D600E41A37 /* movie_quote.mp3 */ = {isa = PBXFileReference; lastKnownFileType = audio.mp3; path = movie_quote.mp3; sourceTree = "<group>"; };
/* End PBXFileReference section */

/* Begin PBXFrameworksBuildPhase section */
		4B3F01041A91E85300E41A37 /* Frameworks */ = {
			isa = PBXFrameworksBuildPhase;
			buildActionMask = 2147483647;
			files = (
			);
			runOnlyForDeploymentPostprocessing = 0;
		};
		4B3F01191A91E85300E41A37 /* Frameworks */ = {
			isa = PBXFrameworksBuildPhase;
			buildActionMask = 2147483647;
			files = (
			);
			runOnlyForDeploymentPostprocessing = 0;
		};
/* End PBXFrameworksBuildPhase section */

/* Begin PBXGroup section */
		4B3F00FE1A91E85300E41A37 = {
			isa = PBXGroup;
			children = (
				4B3F01091A91E85300E41A37 /* Pitch Perfect */,
				4B3F011F1A91E85300E41A37 /* Pitch PerfectTests */,
				4B3F01081A91E85300E41A37 /* Products */,
			);
			sourceTree = "<group>";
		};
		4B3F01081A91E85300E41A37 /* Products */ = {
			isa = PBXGroup;
			children = (
				4B3F01071A91E85300E41A37 /* Pitch Perfect.app */,
				4B3F011C1A91E85300E41A37 /* Pitch PerfectTests.xctest */,
			);
			name = Products;
			sourceTree = "<group>";
		};
		4B3F01091A91E85300E41A37 /* Pitch Perfect */ = {
			isa = PBXGroup;
			children = (
				4B3F010C1A91E85300E41A37 /* AppDelegate.swift */,
				4B3F010E1A91E85300E41A37 /* ViewController.swift */,
				4B3F01101A91E85300E41A37 /* Main.storyboard */,
				4B3F012C1A91EEA800E41A37 /* PlaySoundsViewController.swift */,
				4B3F01131A91E85300E41A37 /* Images.xcassets */,
				4B3F01151A91E85300E41A37 /* LaunchScreen.xib */,
				4B3F010A1A91E85300E41A37 /* Supporting Files */,
			);
			path = "Pitch Perfect";
			sourceTree = "<group>";
		};
		4B3F010A1A91E85300E41A37 /* Supporting Files */ = {
			isa = PBXGroup;
			children = (
				4B3F012E1A91F1D600E41A37 /* movie_quote.mp3 */,
				4B3F010B1A91E85300E41A37 /* Info.plist */,
			);
			name = "Supporting Files";
			sourceTree = "<group>";
		};
		4B3F011F1A91E85300E41A37 /* Pitch PerfectTests */ = {
			isa = PBXGroup;
			children = (
				4B3F01221A91E85300E41A37 /* Pitch_PerfectTests.swift */,
				4B3F01201A91E85300E41A37 /* Supporting Files */,
			);
			path = "Pitch PerfectTests";
			sourceTree = "<group>";
		};
		4B3F01201A91E85300E41A37 /* Supporting Files */ = {
			isa = PBXGroup;
			children = (
				4B3F01211A91E85300E41A37 /* Info.plist */,
			);
			name = "Supporting Files";
			sourceTree = "<group>";
		};
/* End PBXGroup section */

/* Begin PBXNativeTarget section */
		4B3F01061A91E85300E41A37 /* Pitch Perfect */ = {
			isa = PBXNativeTarget;
			buildConfigurationList = 4B3F01261A91E85300E41A37 /* Build configuration list for PBXNativeTarget "Pitch Perfect" */;
			buildPhases = (
				4B3F01031A91E85300E41A37 /* Sources */,
				4B3F01041A91E85300E41A37 /* Frameworks */,
				4B3F01051A91E85300E41A37 /* Resources */,
			);
			buildRules = (
			);
			dependencies = (
			);
			name = "Pitch Perfect";
			productName = "Pitch Perfect";
			productReference = 4B3F01071A91E85300E41A37 /* Pitch Perfect.app */;
			productType = "com.apple.product-type.application";
		};
		4B3F011B1A91E85300E41A37 /* Pitch PerfectTests */ = {
			isa = PBXNativeTarget;
			buildConfigurationList = 4B3F01291A91E85300E41A37 /* Build configuration list for PBXNativeTarget "Pitch PerfectTests" */;
			buildPhases = (
				4B3F01181A91E85300E41A37 /* Sources */,
				4B3F01191A91E85300E41A37 /* Frameworks */,
				4B3F011A1A91E85300E41A37 /* Resources */,
			);
			buildRules = (
			);
			dependencies = (
				4B3F011E1A91E85300E41A37 /* PBXTargetDependency */,
			);
			name = "Pitch PerfectTests";
			productName = "Pitch PerfectTests";
			productReference = 4B3F011C1A91E85300E41A37 /* Pitch PerfectTests.xctest */;
			productType = "com.apple.product-type.bundle.unit-test";
		};
/* End PBXNativeTarget section */

/* Begin PBXProject section */
		4B3F00FF1A91E85300E41A37 /* Project object */ = {
			isa = PBXProject;
			attributes = {
				LastUpgradeCheck = 0610;
				ORGANIZATIONNAME = "Jamie Sookprasong";
				TargetAttributes = {
					4B3F01061A91E85300E41A37 = {
						CreatedOnToolsVersion = 6.1.1;
					};
					4B3F011B1A91E85300E41A37 = {
						CreatedOnToolsVersion = 6.1.1;
						TestTargetID = 4B3F01061A91E85300E41A37;
					};
				};
			};
			buildConfigurationList = 4B3F01021A91E85300E41A37 /* Build configuration list for PBXProject "Pitch Perfect" */;
			compatibilityVersion = "Xcode 3.2";
			developmentRegion = English;
			hasScannedForEncodings = 0;
			knownRegions = (
				en,
				Base,
			);
			mainGroup = 4B3F00FE1A91E85300E41A37;
			productRefGroup = 4B3F01081A91E85300E41A37 /* Products */;
			projectDirPath = "";
			projectRoot = "";
			targets = (
				4B3F01061A91E85300E41A37 /* Pitch Perfect */,
				4B3F011B1A91E85300E41A37 /* Pitch PerfectTests */,
			);
		};
/* End PBXProject section */

/* Begin PBXResourcesBuildPhase section */
		4B3F01051A91E85300E41A37 /* Resources */ = {
			isa = PBXResourcesBuildPhase;
			buildActionMask = 2147483647;
			files = (
				4B3F01121A91E85300E41A37 /* Main.storyboard in Resources */,
				4B3F01171A91E85300E41A37 /* LaunchScreen.xib in Resources */,
				4B3F012F1A91F1D600E41A37 /* movie_quote.mp3 in Resources */,
				4B3F01141A91E85300E41A37 /* Images.xcassets in Resources */,
			);
			runOnlyForDeploymentPostprocessing = 0;
		};
		4B3F011A1A91E85300E41A37 /* Resources */ = {
			isa = PBXResourcesBuildPhase;
			buildActionMask = 2147483647;
			files = (
			);
			runOnlyForDeploymentPostprocessing = 0;
		};
/* End PBXResourcesBuildPhase section */

/* Begin PBXSourcesBuildPhase section */
		4B3F01031A91E85300E41A37 /* Sources */ = {
			isa = PBXSourcesBuildPhase;
			buildActionMask = 2147483647;
			files = (
				4B3F010F1A91E85300E41A37 /* ViewController.swift in Sources */,
				4B3F012D1A91EEA800E41A37 /* PlaySoundsViewController.swift in Sources */,
				4B3F010D1A91E85300E41A37 /* AppDelegate.swift in Sources */,
			);
			runOnlyForDeploymentPostprocessing = 0;
		};
		4B3F01181A91E85300E41A37 /* Sources */ = {
			isa = PBXSourcesBuildPhase;
			buildActionMask = 2147483647;
			files = (
				4B3F01231A91E85300E41A37 /* Pitch_PerfectTests.swift in Sources */,
			);
			runOnlyForDeploymentPostprocessing = 0;
		};
/* End PBXSourcesBuildPhase section */

/* Begin PBXTargetDependency section */
		4B3F011E1A91E85300E41A37 /* PBXTargetDependency */ = {
			isa = PBXTargetDependency;
			target = 4B3F01061A91E85300E41A37 /* Pitch Perfect */;
			targetProxy = 4B3F011D1A91E85300E41A37 /* PBXContainerItemProxy */;
		};
/* End PBXTargetDependency section */

/* Begin PBXVariantGroup section */
		4B3F01101A91E85300E41A37 /* Main.storyboard */ = {
			isa = PBXVariantGroup;
			children = (
				4B3F01111A91E85300E41A37 /* Base */,
			);
			name = Main.storyboard;
			sourceTree = "<group>";
		};
		4B3F01151A91E85300E41A37 /* LaunchScreen.xib */ = {
			isa = PBXVariantGroup;
			children = (
				4B3F01161A91E85300E41A37 /* Base */,
			);
			name = LaunchScreen.xib;
			sourceTree = "<group>";
		};
/* End PBXVariantGroup section */

/* Begin XCBuildConfiguration section */
		4B3F01241A91E85300E41A37 /* Debug */ = {
			isa = XCBuildConfiguration;
			buildSettings = {
				ALWAYS_SEARCH_USER_PATHS = NO;
				CLANG_CXX_LANGUAGE_STANDARD = "gnu++0x";
				CLANG_CXX_LIBRARY = "libc++";
				CLANG_ENABLE_MODULES = YES;
				CLANG_ENABLE_OBJC_ARC = YES;
				CLANG_WARN_BOOL_CONVERSION = YES;
				CLANG_WARN_CONSTANT_CONVERSION = YES;
				CLANG_WARN_DIRECT_OBJC_ISA_USAGE = YES_ERROR;
				CLANG_WARN_EMPTY_BODY = YES;
				CLANG_WARN_ENUM_CONVERSION = YES;
				CLANG_WARN_INT_CONVERSION = YES;
				CLANG_WARN_OBJC_ROOT_CLASS = YES_ERROR;
				CLANG_WARN_UNREACHABLE_CODE = YES;
				CLANG_WARN__DUPLICATE_METHOD_MATCH = YES;
				"CODE_SIGN_IDENTITY[sdk=iphoneos*]" = "iPhone Developer";
				COPY_PHASE_STRIP = NO;
				ENABLE_STRICT_OBJC_MSGSEND = YES;
				GCC_C_LANGUAGE_STANDARD = gnu99;
				GCC_DYNAMIC_NO_PIC = NO;
				GCC_OPTIMIZATION_LEVEL = 0;
				GCC_PREPROCESSOR_DEFINITIONS = (
					"DEBUG=1",
					"$(inherited)",
				);
				GCC_SYMBOLS_PRIVATE_EXTERN = NO;
				GCC_WARN_64_TO_32_BIT_CONVERSION = YES;
				GCC_WARN_ABOUT_RETURN_TYPE = YES_ERROR;
				GCC_WARN_UNDECLARED_SELECTOR = YES;
				GCC_WARN_UNINITIALIZED_AUTOS = YES_AGGRESSIVE;
				GCC_WARN_UNUSED_FUNCTION = YES;
				GCC_WARN_UNUSED_VARIABLE = YES;
				IPHONEOS_DEPLOYMENT_TARGET = 8.1;
				MTL_ENABLE_DEBUG_INFO = YES;
				ONLY_ACTIVE_ARCH = YES;
				SDKROOT = iphoneos;
				SWIFT_OPTIMIZATION_LEVEL = "-Onone";
			};
			name = Debug;
		};
		4B3F01251A91E85300E41A37 /* Release */ = {
			isa = XCBuildConfiguration;
			buildSettings = {
				ALWAYS_SEARCH_USER_PATHS = NO;
				CLANG_CXX_LANGUAGE_STANDARD = "gnu++0x";
				CLANG_CXX_LIBRARY = "libc++";
				CLANG_ENABLE_MODULES = YES;
				CLANG_ENABLE_OBJC_ARC = YES;
				CLANG_WARN_BOOL_CONVERSION = YES;
				CLANG_WARN_CONSTANT_CONVERSION = YES;
				CLANG_WARN_DIRECT_OBJC_ISA_USAGE = YES_ERROR;
				CLANG_WARN_EMPTY_BODY = YES;
				CLANG_WARN_ENUM_CONVERSION = YES;
				CLANG_WARN_INT_CONVERSION = YES;
				CLANG_WARN_OBJC_ROOT_CLASS = YES_ERROR;
				CLANG_WARN_UNREACHABLE_CODE = YES;
				CLANG_WARN__DUPLICATE_METHOD_MATCH = YES;
				"CODE_SIGN_IDENTITY[sdk=iphoneos*]" = "iPhone Developer";
				COPY_PHASE_STRIP = YES;
				ENABLE_NS_ASSERTIONS = NO;
				ENABLE_STRICT_OBJC_MSGSEND = YES;
				GCC_C_LANGUAGE_STANDARD = gnu99;
				GCC_WARN_64_TO_32_BIT_CONVERSION = YES;
				GCC_WARN_ABOUT_RETURN_TYPE = YES_ERROR;
				GCC_WARN_UNDECLARED_SELECTOR = YES;
				GCC_WARN_UNINITIALIZED_AUTOS = YES_AGGRESSIVE;
				GCC_WARN_UNUSED_FUNCTION = YES;
				GCC_WARN_UNUSED_VARIABLE = YES;
				IPHONEOS_DEPLOYMENT_TARGET = 8.1;
				MTL_ENABLE_DEBUG_INFO = NO;
				SDKROOT = iphoneos;
				VALIDATE_PRODUCT = YES;
			};
			name = Release;
		};
		4B3F01271A91E85300E41A37 /* Debug */ = {
			isa = XCBuildConfiguration;
			buildSettings = {
				ASSETCATALOG_COMPILER_APPICON_NAME = AppIcon;
				INFOPLIST_FILE = "Pitch Perfect/Info.plist";
				IPHONEOS_DEPLOYMENT_TARGET = 8.0;
				LD_RUNPATH_SEARCH_PATHS = "$(inherited) @executable_path/Frameworks";
				PRODUCT_NAME = "$(TARGET_NAME)";
			};
			name = Debug;
		};
		4B3F01281A91E85300E41A37 /* Release */ = {
			isa = XCBuildConfiguration;
			buildSettings = {
				ASSETCATALOG_COMPILER_APPICON_NAME = AppIcon;
				INFOPLIST_FILE = "Pitch Perfect/Info.plist";
				IPHONEOS_DEPLOYMENT_TARGET = 8.0;
				LD_RUNPATH_SEARCH_PATHS = "$(inherited) @executable_path/Frameworks";
				PRODUCT_NAME = "$(TARGET_NAME)";
			};
			name = Release;
		};
		4B3F012A1A91E85300E41A37 /* Debug */ = {
			isa = XCBuildConfiguration;
			buildSettings = {
				BUNDLE_LOADER = "$(TEST_HOST)";
				FRAMEWORK_SEARCH_PATHS = (
					"$(SDKROOT)/Developer/Library/Frameworks",
					"$(inherited)",
				);
				GCC_PREPROCESSOR_DEFINITIONS = (
					"DEBUG=1",
					"$(inherited)",
				);
				INFOPLIST_FILE = "Pitch PerfectTests/Info.plist";
				LD_RUNPATH_SEARCH_PATHS = "$(inherited) @executable_path/Frameworks @loader_path/Frameworks";
				PRODUCT_NAME = "$(TARGET_NAME)";
				TEST_HOST = "$(BUILT_PRODUCTS_DIR)/Pitch Perfect.app/Pitch Perfect";
			};
			name = Debug;
		};
		4B3F012B1A91E85300E41A37 /* Release */ = {
			isa = XCBuildConfiguration;
			buildSettings = {
				BUNDLE_LOADER = "$(TEST_HOST)";
				FRAMEWORK_SEARCH_PATHS = (
					"$(SDKROOT)/Developer/Library/Frameworks",
					"$(inherited)",
				);
				INFOPLIST_FILE = "Pitch PerfectTests/Info.plist";
				LD_RUNPATH_SEARCH_PATHS = "$(inherited) @executable_path/Frameworks @loader_path/Frameworks";
				PRODUCT_NAME = "$(TARGET_NAME)";
				TEST_HOST = "$(BUILT_PRODUCTS_DIR)/Pitch Perfect.app/Pitch Perfect";
			};
			name = Release;
		};
/* End XCBuildConfiguration section */

/* Begin XCConfigurationList section */
		4B3F01021A91E85300E41A37 /* Build configuration list for PBXProject "Pitch Perfect" */ = {
			isa = XCConfigurationList;
			buildConfigurations = (
				4B3F01241A91E85300E41A37 /* Debug */,
				4B3F01251A91E85300E41A37 /* Release */,
			);
			defaultConfigurationIsVisible = 0;
			defaultConfigurationName = Release;
		};
		4B3F01261A91E85300E41A37 /* Build configuration list for PBXNativeTarget "Pitch Perfect" */ = {
			isa = XCConfigurationList;
			buildConfigurations = (
				4B3F01271A91E85300E41A37 /* Debug */,
				4B3F01281A91E85300E41A37 /* Release */,
			);
			defaultConfigurationIsVisible = 0;
		};
		4B3F01291A91E85300E41A37 /* Build configuration list for PBXNativeTarget "Pitch PerfectTests" */ = {
			isa = XCConfigurationList;
			buildConfigurations = (
				4B3F012A1A91E85300E41A37 /* Debug */,
				4B3F012B1A91E85300E41A37 /* Release */,
			);
			defaultConfigurationIsVisible = 0;
		};
/* End XCConfigurationList section */
	};
	rootObject = 4B3F00FF1A91E85300E41A37 /* Project object */;
}
